
Microsoft Visual Studio Solution File, Format Version 12.00
# Visual Studio Version 17
VisualStudioVersion = 17.14.36717.8
MinimumVisualStudioVersion = 10.0.40219.1
Project("{FAE04EC0-301F-11D3-BF4B-00C04F79EFBC}") = "NumberDataGenerator", "NumberDataGenerator\NumberDataGenerator.csproj", "{C37D9224-2318-086C-CE02-88AB315B979A}"
EndProject
Global
	GlobalSection(SolutionConfigurationPlatforms) = preSolution
		Debug|Any CPU = Debug|Any CPU
		Release|Any CPU = Release|Any CPU
	EndGlobalSection
	GlobalSection(ProjectConfigurationPlatforms) = postSolution
		{C37D9224-2318-086C-CE02-88AB315B979A}.Debug|Any CPU.ActiveCfg = Debug|Any CPU
		{C37D9224-2318-086C-CE02-88AB315B979A}.Debug|Any CPU.Build.0 = Debug|Any CPU
		{C37D9224-2318-086C-CE02-88AB315B979A}.Release|Any CPU.ActiveCfg = Release|Any CPU
		{C37D9224-2318-086C-CE02-88AB315B979A}.Release|Any CPU.Build.0 = Release|Any CPU
	EndGlobalSection
	GlobalSection(SolutionProperties) = preSolution
		HideSolutionNode = FALSE
	EndGlobalSection
	GlobalSection(ExtensibilityGlobals) = postSolution
		SolutionGuid = {7B4ACDBC-BBB8-4B54-B9CE-0433C3D6A142}
	EndGlobalSection
EndGlobal
