
Microsoft Visual Studio Solution File, Format Version 12.00
# Visual Studio Version 17
VisualStudioVersion = 17.14.36717.8
MinimumVisualStudioVersion = 10.0.40219.1
Project("{FAE04EC0-301F-11D3-BF4B-00C04F79EFBC}") = "Mergesort", "Mergesort\Mergesort.csproj", "{05A0F146-78E6-F86D-7027-046CB84201C9}"
EndProject
Project("{FAE04EC0-301F-11D3-BF4B-00C04F79EFBC}") = "Quicksort", "Quicksort\Quicksort.csproj", "{7C6DEB8E-FB90-ACBF-23BE-C61CCC1597A0}"
EndProject
Global
	GlobalSection(SolutionConfigurationPlatforms) = preSolution
		Debug|Any CPU = Debug|Any CPU
		Release|Any CPU = Release|Any CPU
	EndGlobalSection
	GlobalSection(ProjectConfigurationPlatforms) = postSolution
		{05A0F146-78E6-F86D-7027-046CB84201C9}.Debug|Any CPU.ActiveCfg = Debug|Any CPU
		{05A0F146-78E6-F86D-7027-046CB84201C9}.Debug|Any CPU.Build.0 = Debug|Any CPU
		{05A0F146-78E6-F86D-7027-046CB84201C9}.Release|Any CPU.ActiveCfg = Release|Any CPU
		{05A0F146-78E6-F86D-7027-046CB84201C9}.Release|Any CPU.Build.0 = Release|Any CPU
		{7C6DEB8E-FB90-ACBF-23BE-C61CCC1597A0}.Debug|Any CPU.ActiveCfg = Debug|Any CPU
		{7C6DEB8E-FB90-ACBF-23BE-C61CCC1597A0}.Debug|Any CPU.Build.0 = Debug|Any CPU
		{7C6DEB8E-FB90-ACBF-23BE-C61CCC1597A0}.Release|Any CPU.ActiveCfg = Release|Any CPU
		{7C6DEB8E-FB90-ACBF-23BE-C61CCC1597A0}.Release|Any CPU.Build.0 = Release|Any CPU
	EndGlobalSection
	GlobalSection(SolutionProperties) = preSolution
		HideSolutionNode = FALSE
	EndGlobalSection
	GlobalSection(ExtensibilityGlobals) = postSolution
		SolutionGuid = {7B4ACDBC-BBB8-4B54-B9CE-0433C3D6A142}
	EndGlobalSection
EndGlobal
